
Microsoft Visual Studio Solution File, Format Version 12.00
# Visual Studio 2013
VisualStudioVersion = 12.0.21005.1
MinimumVisualStudioVersion = 10.0.40219.1
Project("{8BC9CEB8-8B4A-11D0-8D11-00A0C91BC942}") = "有一副牌编号0~51，请把这副牌尽可能随机的发到4个人手里", "有一副牌编号0~51，请把这副牌尽可能随机的发到4个人手里\有一副牌编号0~51，请把这副牌尽可能随机的发到4个人手里.vcxproj", "{E62BC504-4A50-4C4B-A66B-1D5BD7C0A57F}"
EndProject
Global
	GlobalSection(SolutionConfigurationPlatforms) = preSolution
		Debug|Win32 = Debug|Win32
		Release|Win32 = Release|Win32
	EndGlobalSection
	GlobalSection(ProjectConfigurationPlatforms) = postSolution
		{E62BC504-4A50-4C4B-A66B-1D5BD7C0A57F}.Debug|Win32.ActiveCfg = Debug|Win32
		{E62BC504-4A50-4C4B-A66B-1D5BD7C0A57F}.Debug|Win32.Build.0 = Debug|Win32
		{E62BC504-4A50-4C4B-A66B-1D5BD7C0A57F}.Release|Win32.ActiveCfg = Release|Win32
		{E62BC504-4A50-4C4B-A66B-1D5BD7C0A57F}.Release|Win32.Build.0 = Release|Win32
	EndGlobalSection
	GlobalSection(SolutionProperties) = preSolution
		HideSolutionNode = FALSE
	EndGlobalSection
EndGlobal
